// !$*UTF8*$!
{
	archiveVersion = 1;
	classes = {
	};
	objectVersion = 55;
	objects = {

/* Begin PBXBuildFile section */
		848503562888754500817F41 /* AppDelegate.swift in Sources */ = {isa = PBXBuildFile; fileRef = 848503552888754500817F41 /* AppDelegate.swift */; };
		848503582888754500817F41 /* SceneDelegate.swift in Sources */ = {isa = PBXBuildFile; fileRef = 848503572888754500817F41 /* SceneDelegate.swift */; };
		8485035F2888754800817F41 /* Assets.xcassets in Resources */ = {isa = PBXBuildFile; fileRef = 8485035E2888754800817F41 /* Assets.xcassets */; };
		848503622888754800817F41 /* LaunchScreen.storyboard in Resources */ = {isa = PBXBuildFile; fileRef = 848503602888754800817F41 /* LaunchScreen.storyboard */; };
		8485036D2888754800817F41 /* XPTests.swift in Sources */ = {isa = PBXBuildFile; fileRef = 8485036C2888754800817F41 /* XPTests.swift */; };
		848503872888875600817F41 /* LoginViewController.swift in Sources */ = {isa = PBXBuildFile; fileRef = 848503852888875600817F41 /* LoginViewController.swift */; };
		848503882888875600817F41 /* LoginViewController.xib in Resources */ = {isa = PBXBuildFile; fileRef = 848503862888875600817F41 /* LoginViewController.xib */; };
		8485039B2889D99C00817F41 /* StockTableViewCell.swift in Sources */ = {isa = PBXBuildFile; fileRef = 848503992889D99C00817F41 /* StockTableViewCell.swift */; };
		8485039C2889D99C00817F41 /* StockTableViewCell.xib in Resources */ = {isa = PBXBuildFile; fileRef = 8485039A2889D99C00817F41 /* StockTableViewCell.xib */; };
		8485039D2889DAD500817F41 /* ListStocksViewController.swift in Sources */ = {isa = PBXBuildFile; fileRef = 848503922889C30E00817F41 /* ListStocksViewController.swift */; };
		8485039E2889DAD800817F41 /* ListStocksViewController.xib in Resources */ = {isa = PBXBuildFile; fileRef = 848503932889C30F00817F41 /* ListStocksViewController.xib */; };
		848503AA288A13E800817F41 /* User.swift in Sources */ = {isa = PBXBuildFile; fileRef = 848503A9288A13E800817F41 /* User.swift */; };
		848503AC288A13FF00817F41 /* Stock.swift in Sources */ = {isa = PBXBuildFile; fileRef = 848503AB288A13FF00817F41 /* Stock.swift */; };
		848503AE288A142400817F41 /* Transaction.swift in Sources */ = {isa = PBXBuildFile; fileRef = 848503AD288A142400817F41 /* Transaction.swift */; };
		848503B0288A160B00817F41 /* MockDataBase.swift in Sources */ = {isa = PBXBuildFile; fileRef = 848503AF288A160B00817F41 /* MockDataBase.swift */; };
		848503B3288A1ACE00817F41 /* StockService.swift in Sources */ = {isa = PBXBuildFile; fileRef = 848503B2288A1ACE00817F41 /* StockService.swift */; };
		848503B6288A2E5600817F41 /* StockDetailViewController.swift in Sources */ = {isa = PBXBuildFile; fileRef = 848503B4288A2E5600817F41 /* StockDetailViewController.swift */; };
		848503B7288A2E5600817F41 /* StockDetailViewController.xib in Resources */ = {isa = PBXBuildFile; fileRef = 848503B5288A2E5600817F41 /* StockDetailViewController.xib */; };
/* End PBXBuildFile section */

/* Begin PBXContainerItemProxy section */
		848503692888754800817F41 /* PBXContainerItemProxy */ = {
			isa = PBXContainerItemProxy;
			containerPortal = 8485034A2888754500817F41 /* Project object */;
			proxyType = 1;
			remoteGlobalIDString = 848503512888754500817F41;
			remoteInfo = XP;
		};
/* End PBXContainerItemProxy section */

/* Begin PBXFileReference section */
		848503522888754500817F41 /* XP.app */ = {isa = PBXFileReference; explicitFileType = wrapper.application; includeInIndex = 0; path = XP.app; sourceTree = BUILT_PRODUCTS_DIR; };
		848503552888754500817F41 /* AppDelegate.swift */ = {isa = PBXFileReference; lastKnownFileType = sourcecode.swift; path = AppDelegate.swift; sourceTree = "<group>"; };
		848503572888754500817F41 /* SceneDelegate.swift */ = {isa = PBXFileReference; lastKnownFileType = sourcecode.swift; path = SceneDelegate.swift; sourceTree = "<group>"; };
		8485035E2888754800817F41 /* Assets.xcassets */ = {isa = PBXFileReference; lastKnownFileType = folder.assetcatalog; path = Assets.xcassets; sourceTree = "<group>"; };
		848503612888754800817F41 /* Base */ = {isa = PBXFileReference; lastKnownFileType = file.storyboard; name = Base; path = Base.lproj/LaunchScreen.storyboard; sourceTree = "<group>"; };
		848503632888754800817F41 /* Info.plist */ = {isa = PBXFileReference; lastKnownFileType = text.plist.xml; path = Info.plist; sourceTree = "<group>"; };
		848503682888754800817F41 /* XPTests.xctest */ = {isa = PBXFileReference; explicitFileType = wrapper.cfbundle; includeInIndex = 0; path = XPTests.xctest; sourceTree = BUILT_PRODUCTS_DIR; };
		8485036C2888754800817F41 /* XPTests.swift */ = {isa = PBXFileReference; lastKnownFileType = sourcecode.swift; path = XPTests.swift; sourceTree = "<group>"; };
		848503852888875600817F41 /* LoginViewController.swift */ = {isa = PBXFileReference; lastKnownFileType = sourcecode.swift; path = LoginViewController.swift; sourceTree = "<group>"; };
		848503862888875600817F41 /* LoginViewController.xib */ = {isa = PBXFileReference; lastKnownFileType = file.xib; path = LoginViewController.xib; sourceTree = "<group>"; };
		848503922889C30E00817F41 /* ListStocksViewController.swift */ = {isa = PBXFileReference; lastKnownFileType = sourcecode.swift; path = ListStocksViewController.swift; sourceTree = "<group>"; };
		848503932889C30F00817F41 /* ListStocksViewController.xib */ = {isa = PBXFileReference; lastKnownFileType = file.xib; path = ListStocksViewController.xib; sourceTree = "<group>"; };
		848503992889D99C00817F41 /* StockTableViewCell.swift */ = {isa = PBXFileReference; lastKnownFileType = sourcecode.swift; path = StockTableViewCell.swift; sourceTree = "<group>"; };
		8485039A2889D99C00817F41 /* StockTableViewCell.xib */ = {isa = PBXFileReference; lastKnownFileType = file.xib; path = StockTableViewCell.xib; sourceTree = "<group>"; };
		848503A9288A13E800817F41 /* User.swift */ = {isa = PBXFileReference; lastKnownFileType = sourcecode.swift; path = User.swift; sourceTree = "<group>"; };
		848503AB288A13FF00817F41 /* Stock.swift */ = {isa = PBXFileReference; lastKnownFileType = sourcecode.swift; path = Stock.swift; sourceTree = "<group>"; };
		848503AD288A142400817F41 /* Transaction.swift */ = {isa = PBXFileReference; lastKnownFileType = sourcecode.swift; path = Transaction.swift; sourceTree = "<group>"; };
		848503AF288A160B00817F41 /* MockDataBase.swift */ = {isa = PBXFileReference; lastKnownFileType = sourcecode.swift; path = MockDataBase.swift; sourceTree = "<group>"; };
		848503B2288A1ACE00817F41 /* StockService.swift */ = {isa = PBXFileReference; lastKnownFileType = sourcecode.swift; path = StockService.swift; sourceTree = "<group>"; };
		848503B4288A2E5600817F41 /* StockDetailViewController.swift */ = {isa = PBXFileReference; lastKnownFileType = sourcecode.swift; path = StockDetailViewController.swift; sourceTree = "<group>"; };
		848503B5288A2E5600817F41 /* StockDetailViewController.xib */ = {isa = PBXFileReference; lastKnownFileType = file.xib; path = StockDetailViewController.xib; sourceTree = "<group>"; };
/* End PBXFileReference section */

/* Begin PBXFrameworksBuildPhase section */
		8485034F2888754500817F41 /* Frameworks */ = {
			isa = PBXFrameworksBuildPhase;
			buildActionMask = 2147483647;
			files = (
			);
			runOnlyForDeploymentPostprocessing = 0;
		};
		848503652888754800817F41 /* Frameworks */ = {
			isa = PBXFrameworksBuildPhase;
			buildActionMask = 2147483647;
			files = (
			);
			runOnlyForDeploymentPostprocessing = 0;
		};
/* End PBXFrameworksBuildPhase section */

/* Begin PBXGroup section */
		848503492888754500817F41 = {
			isa = PBXGroup;
			children = (
				848503542888754500817F41 /* XP */,
				8485036B2888754800817F41 /* XPTests */,
				848503532888754500817F41 /* Products */,
			);
			sourceTree = "<group>";
		};
		848503532888754500817F41 /* Products */ = {
			isa = PBXGroup;
			children = (
				848503522888754500817F41 /* XP.app */,
				848503682888754800817F41 /* XPTests.xctest */,
			);
			name = Products;
			sourceTree = "<group>";
		};
		848503542888754500817F41 /* XP */ = {
			isa = PBXGroup;
			children = (
				848503B1288A1A9A00817F41 /* Service */,
				848503A7288A13B300817F41 /* Models */,
				84850389288887A200817F41 /* Login */,
				848503912889C2FC00817F41 /* ListStocks */,
				848503552888754500817F41 /* AppDelegate.swift */,
				848503572888754500817F41 /* SceneDelegate.swift */,
				8485035E2888754800817F41 /* Assets.xcassets */,
				848503602888754800817F41 /* LaunchScreen.storyboard */,
				848503632888754800817F41 /* Info.plist */,
			);
			path = XP;
			sourceTree = "<group>";
		};
		8485036B2888754800817F41 /* XPTests */ = {
			isa = PBXGroup;
			children = (
				8485036C2888754800817F41 /* XPTests.swift */,
			);
			path = XPTests;
			sourceTree = "<group>";
		};
		84850389288887A200817F41 /* Login */ = {
			isa = PBXGroup;
			children = (
				848503852888875600817F41 /* LoginViewController.swift */,
				848503862888875600817F41 /* LoginViewController.xib */,
			);
			path = Login;
			sourceTree = "<group>";
		};
		848503912889C2FC00817F41 /* ListStocks */ = {
			isa = PBXGroup;
			children = (
				848503922889C30E00817F41 /* ListStocksViewController.swift */,
				848503932889C30F00817F41 /* ListStocksViewController.xib */,
				848503992889D99C00817F41 /* StockTableViewCell.swift */,
				8485039A2889D99C00817F41 /* StockTableViewCell.xib */,
				848503B4288A2E5600817F41 /* StockDetailViewController.swift */,
				848503B5288A2E5600817F41 /* StockDetailViewController.xib */,
			);
			path = ListStocks;
			sourceTree = "<group>";
		};
		848503A7288A13B300817F41 /* Models */ = {
			isa = PBXGroup;
			children = (
				848503A9288A13E800817F41 /* User.swift */,
				848503AB288A13FF00817F41 /* Stock.swift */,
				848503AD288A142400817F41 /* Transaction.swift */,
				848503AF288A160B00817F41 /* MockDataBase.swift */,
			);
			path = Models;
			sourceTree = "<group>";
		};
		848503B1288A1A9A00817F41 /* Service */ = {
			isa = PBXGroup;
			children = (
				848503B2288A1ACE00817F41 /* StockService.swift */,
			);
			path = Service;
			sourceTree = "<group>";
		};
/* End PBXGroup section */

/* Begin PBXNativeTarget section */
		848503512888754500817F41 /* XP */ = {
			isa = PBXNativeTarget;
			buildConfigurationList = 8485037C2888754800817F41 /* Build configuration list for PBXNativeTarget "XP" */;
			buildPhases = (
				8485034E2888754500817F41 /* Sources */,
				8485034F2888754500817F41 /* Frameworks */,
				848503502888754500817F41 /* Resources */,
			);
			buildRules = (
			);
			dependencies = (
			);
			name = XP;
			productName = XP;
			productReference = 848503522888754500817F41 /* XP.app */;
			productType = "com.apple.product-type.application";
		};
		848503672888754800817F41 /* XPTests */ = {
			isa = PBXNativeTarget;
			buildConfigurationList = 8485037F2888754800817F41 /* Build configuration list for PBXNativeTarget "XPTests" */;
			buildPhases = (
				848503642888754800817F41 /* Sources */,
				848503652888754800817F41 /* Frameworks */,
				848503662888754800817F41 /* Resources */,
			);
			buildRules = (
			);
			dependencies = (
				8485036A2888754800817F41 /* PBXTargetDependency */,
			);
			name = XPTests;
			productName = XPTests;
			productReference = 848503682888754800817F41 /* XPTests.xctest */;
			productType = "com.apple.product-type.bundle.unit-test";
		};
/* End PBXNativeTarget section */

/* Begin PBXProject section */
		8485034A2888754500817F41 /* Project object */ = {
			isa = PBXProject;
			attributes = {
				BuildIndependentTargetsInParallel = 1;
				LastSwiftUpdateCheck = 1310;
				LastUpgradeCheck = 1310;
				TargetAttributes = {
					848503512888754500817F41 = {
						CreatedOnToolsVersion = 13.1;
					};
					848503672888754800817F41 = {
						CreatedOnToolsVersion = 13.1;
						TestTargetID = 848503512888754500817F41;
					};
				};
			};
			buildConfigurationList = 8485034D2888754500817F41 /* Build configuration list for PBXProject "XP" */;
			compatibilityVersion = "Xcode 13.0";
			developmentRegion = en;
			hasScannedForEncodings = 0;
			knownRegions = (
				en,
				Base,
			);
			mainGroup = 848503492888754500817F41;
			productRefGroup = 848503532888754500817F41 /* Products */;
			projectDirPath = "";
			projectRoot = "";
			targets = (
				848503512888754500817F41 /* XP */,
				848503672888754800817F41 /* XPTests */,
			);
		};
/* End PBXProject section */

/* Begin PBXResourcesBuildPhase section */
		848503502888754500817F41 /* Resources */ = {
			isa = PBXResourcesBuildPhase;
			buildActionMask = 2147483647;
			files = (
				848503B7288A2E5600817F41 /* StockDetailViewController.xib in Resources */,
				848503882888875600817F41 /* LoginViewController.xib in Resources */,
				848503622888754800817F41 /* LaunchScreen.storyboard in Resources */,
				8485039E2889DAD800817F41 /* ListStocksViewController.xib in Resources */,
				8485035F2888754800817F41 /* Assets.xcassets in Resources */,
				8485039C2889D99C00817F41 /* StockTableViewCell.xib in Resources */,
			);
			runOnlyForDeploymentPostprocessing = 0;
		};
		848503662888754800817F41 /* Resources */ = {
			isa = PBXResourcesBuildPhase;
			buildActionMask = 2147483647;
			files = (
			);
			runOnlyForDeploymentPostprocessing = 0;
		};
/* End PBXResourcesBuildPhase section */

/* Begin PBXSourcesBuildPhase section */
		8485034E2888754500817F41 /* Sources */ = {
			isa = PBXSourcesBuildPhase;
			buildActionMask = 2147483647;
			files = (
				848503B6288A2E5600817F41 /* StockDetailViewController.swift in Sources */,
				848503B0288A160B00817F41 /* MockDataBase.swift in Sources */,
				8485039B2889D99C00817F41 /* StockTableViewCell.swift in Sources */,
				848503872888875600817F41 /* LoginViewController.swift in Sources */,
				848503AC288A13FF00817F41 /* Stock.swift in Sources */,
				848503B3288A1ACE00817F41 /* StockService.swift in Sources */,
				848503AE288A142400817F41 /* Transaction.swift in Sources */,
				848503562888754500817F41 /* AppDelegate.swift in Sources */,
				8485039D2889DAD500817F41 /* ListStocksViewController.swift in Sources */,
				848503582888754500817F41 /* SceneDelegate.swift in Sources */,
				848503AA288A13E800817F41 /* User.swift in Sources */,
			);
			runOnlyForDeploymentPostprocessing = 0;
		};
		848503642888754800817F41 /* Sources */ = {
			isa = PBXSourcesBuildPhase;
			buildActionMask = 2147483647;
			files = (
				8485036D2888754800817F41 /* XPTests.swift in Sources */,
			);
			runOnlyForDeploymentPostprocessing = 0;
		};
/* End PBXSourcesBuildPhase section */

/* Begin PBXTargetDependency section */
		8485036A2888754800817F41 /* PBXTargetDependency */ = {
			isa = PBXTargetDependency;
			target = 848503512888754500817F41 /* XP */;
			targetProxy = 848503692888754800817F41 /* PBXContainerItemProxy */;
		};
/* End PBXTargetDependency section */

/* Begin PBXVariantGroup section */
		848503602888754800817F41 /* LaunchScreen.storyboard */ = {
			isa = PBXVariantGroup;
			children = (
				848503612888754800817F41 /* Base */,
			);
			name = LaunchScreen.storyboard;
			sourceTree = "<group>";
		};
/* End PBXVariantGroup section */

/* Begin XCBuildConfiguration section */
		8485037A2888754800817F41 /* Debug */ = {
			isa = XCBuildConfiguration;
			buildSettings = {
				ALWAYS_SEARCH_USER_PATHS = NO;
				CLANG_ANALYZER_NONNULL = YES;
				CLANG_ANALYZER_NUMBER_OBJECT_CONVERSION = YES_AGGRESSIVE;
				CLANG_CXX_LANGUAGE_STANDARD = "gnu++17";
				CLANG_CXX_LIBRARY = "libc++";
				CLANG_ENABLE_MODULES = YES;
				CLANG_ENABLE_OBJC_ARC = YES;
				CLANG_ENABLE_OBJC_WEAK = YES;
				CLANG_WARN_BLOCK_CAPTURE_AUTORELEASING = YES;
				CLANG_WARN_BOOL_CONVERSION = YES;
				CLANG_WARN_COMMA = YES;
				CLANG_WARN_CONSTANT_CONVERSION = YES;
				CLANG_WARN_DEPRECATED_OBJC_IMPLEMENTATIONS = YES;
				CLANG_WARN_DIRECT_OBJC_ISA_USAGE = YES_ERROR;
				CLANG_WARN_DOCUMENTATION_COMMENTS = YES;
				CLANG_WARN_EMPTY_BODY = YES;
				CLANG_WARN_ENUM_CONVERSION = YES;
				CLANG_WARN_INFINITE_RECURSION = YES;
				CLANG_WARN_INT_CONVERSION = YES;
				CLANG_WARN_NON_LITERAL_NULL_CONVERSION = YES;
				CLANG_WARN_OBJC_IMPLICIT_RETAIN_SELF = YES;
				CLANG_WARN_OBJC_LITERAL_CONVERSION = YES;
				CLANG_WARN_OBJC_ROOT_CLASS = YES_ERROR;
				CLANG_WARN_QUOTED_INCLUDE_IN_FRAMEWORK_HEADER = YES;
				CLANG_WARN_RANGE_LOOP_ANALYSIS = YES;
				CLANG_WARN_STRICT_PROTOTYPES = YES;
				CLANG_WARN_SUSPICIOUS_MOVE = YES;
				CLANG_WARN_UNGUARDED_AVAILABILITY = YES_AGGRESSIVE;
				CLANG_WARN_UNREACHABLE_CODE = YES;
				CLANG_WARN__DUPLICATE_METHOD_MATCH = YES;
				COPY_PHASE_STRIP = NO;
				DEBUG_INFORMATION_FORMAT = dwarf;
				ENABLE_STRICT_OBJC_MSGSEND = YES;
				ENABLE_TESTABILITY = YES;
				GCC_C_LANGUAGE_STANDARD = gnu11;
				GCC_DYNAMIC_NO_PIC = NO;
				GCC_NO_COMMON_BLOCKS = YES;
				GCC_OPTIMIZATION_LEVEL = 0;
				GCC_PREPROCESSOR_DEFINITIONS = (
					"DEBUG=1",
					"$(inherited)",
				);
				GCC_WARN_64_TO_32_BIT_CONVERSION = YES;
				GCC_WARN_ABOUT_RETURN_TYPE = YES_ERROR;
				GCC_WARN_UNDECLARED_SELECTOR = YES;
				GCC_WARN_UNINITIALIZED_AUTOS = YES_AGGRESSIVE;
				GCC_WARN_UNUSED_FUNCTION = YES;
				GCC_WARN_UNUSED_VARIABLE = YES;
				IPHONEOS_DEPLOYMENT_TARGET = 15.0;
				MTL_ENABLE_DEBUG_INFO = INCLUDE_SOURCE;
				MTL_FAST_MATH = YES;
				ONLY_ACTIVE_ARCH = YES;
				SDKROOT = iphoneos;
				SWIFT_ACTIVE_COMPILATION_CONDITIONS = DEBUG;
				SWIFT_OPTIMIZATION_LEVEL = "-Onone";
			};
			name = Debug;
		};
		8485037B2888754800817F41 /* Release */ = {
			isa = XCBuildConfiguration;
			buildSettings = {
				ALWAYS_SEARCH_USER_PATHS = NO;
				CLANG_ANALYZER_NONNULL = YES;
				CLANG_ANALYZER_NUMBER_OBJECT_CONVERSION = YES_AGGRESSIVE;
				CLANG_CXX_LANGUAGE_STANDARD = "gnu++17";
				CLANG_CXX_LIBRARY = "libc++";
				CLANG_ENABLE_MODULES = YES;
				CLANG_ENABLE_OBJC_ARC = YES;
				CLANG_ENABLE_OBJC_WEAK = YES;
				CLANG_WARN_BLOCK_CAPTURE_AUTORELEASING = YES;
				CLANG_WARN_BOOL_CONVERSION = YES;
				CLANG_WARN_COMMA = YES;
				CLANG_WARN_CONSTANT_CONVERSION = YES;
				CLANG_WARN_DEPRECATED_OBJC_IMPLEMENTATIONS = YES;
				CLANG_WARN_DIRECT_OBJC_ISA_USAGE = YES_ERROR;
				CLANG_WARN_DOCUMENTATION_COMMENTS = YES;
				CLANG_WARN_EMPTY_BODY = YES;
				CLANG_WARN_ENUM_CONVERSION = YES;
				CLANG_WARN_INFINITE_RECURSION = YES;
				CLANG_WARN_INT_CONVERSION = YES;
				CLANG_WARN_NON_LITERAL_NULL_CONVERSION = YES;
				CLANG_WARN_OBJC_IMPLICIT_RETAIN_SELF = YES;
				CLANG_WARN_OBJC_LITERAL_CONVERSION = YES;
				CLANG_WARN_OBJC_ROOT_CLASS = YES_ERROR;
				CLANG_WARN_QUOTED_INCLUDE_IN_FRAMEWORK_HEADER = YES;
				CLANG_WARN_RANGE_LOOP_ANALYSIS = YES;
				CLANG_WARN_STRICT_PROTOTYPES = YES;
				CLANG_WARN_SUSPICIOUS_MOVE = YES;
				CLANG_WARN_UNGUARDED_AVAILABILITY = YES_AGGRESSIVE;
				CLANG_WARN_UNREACHABLE_CODE = YES;
				CLANG_WARN__DUPLICATE_METHOD_MATCH = YES;
				COPY_PHASE_STRIP = NO;
				DEBUG_INFORMATION_FORMAT = "dwarf-with-dsym";
				ENABLE_NS_ASSERTIONS = NO;
				ENABLE_STRICT_OBJC_MSGSEND = YES;
				GCC_C_LANGUAGE_STANDARD = gnu11;
				GCC_NO_COMMON_BLOCKS = YES;
				GCC_WARN_64_TO_32_BIT_CONVERSION = YES;
				GCC_WARN_ABOUT_RETURN_TYPE = YES_ERROR;
				GCC_WARN_UNDECLARED_SELECTOR = YES;
				GCC_WARN_UNINITIALIZED_AUTOS = YES_AGGRESSIVE;
				GCC_WARN_UNUSED_FUNCTION = YES;
				GCC_WARN_UNUSED_VARIABLE = YES;
				IPHONEOS_DEPLOYMENT_TARGET = 15.0;
				MTL_ENABLE_DEBUG_INFO = NO;
				MTL_FAST_MATH = YES;
				SDKROOT = iphoneos;
				SWIFT_COMPILATION_MODE = wholemodule;
				SWIFT_OPTIMIZATION_LEVEL = "-O";
				VALIDATE_PRODUCT = YES;
			};
			name = Release;
		};
		8485037D2888754800817F41 /* Debug */ = {
			isa = XCBuildConfiguration;
			buildSettings = {
				ASSETCATALOG_COMPILER_APPICON_NAME = AppIcon;
				ASSETCATALOG_COMPILER_GLOBAL_ACCENT_COLOR_NAME = AccentColor;
				CODE_SIGN_STYLE = Automatic;
				CURRENT_PROJECT_VERSION = 1;
				GENERATE_INFOPLIST_FILE = YES;
				INFOPLIST_FILE = XP/Info.plist;
				INFOPLIST_KEY_UIApplicationSupportsIndirectInputEvents = YES;
				INFOPLIST_KEY_UILaunchStoryboardName = LaunchScreen;
				INFOPLIST_KEY_UISupportedInterfaceOrientations_iPad = "UIInterfaceOrientationPortrait UIInterfaceOrientationPortraitUpsideDown UIInterfaceOrientationLandscapeLeft UIInterfaceOrientationLandscapeRight";
				INFOPLIST_KEY_UISupportedInterfaceOrientations_iPhone = "UIInterfaceOrientationPortrait UIInterfaceOrientationLandscapeLeft UIInterfaceOrientationLandscapeRight";
				LD_RUNPATH_SEARCH_PATHS = (
					"$(inherited)",
					"@executable_path/Frameworks",
				);
				MARKETING_VERSION = 1.0;
				PRODUCT_BUNDLE_IDENTIFIER = "Josielle-Vaz.XP";
				PRODUCT_NAME = "$(TARGET_NAME)";
				SWIFT_EMIT_LOC_STRINGS = YES;
				SWIFT_VERSION = 5.0;
				TARGETED_DEVICE_FAMILY = "1,2";
			};
			name = Debug;
		};
		8485037E2888754800817F41 /* Release */ = {
			isa = XCBuildConfiguration;
			buildSettings = {
				ASSETCATALOG_COMPILER_APPICON_NAME = AppIcon;
				ASSETCATALOG_COMPILER_GLOBAL_ACCENT_COLOR_NAME = AccentColor;
				CODE_SIGN_STYLE = Automatic;
				CURRENT_PROJECT_VERSION = 1;
				GENERATE_INFOPLIST_FILE = YES;
				INFOPLIST_FILE = XP/Info.plist;
				INFOPLIST_KEY_UIApplicationSupportsIndirectInputEvents = YES;
				INFOPLIST_KEY_UILaunchStoryboardName = LaunchScreen;
				INFOPLIST_KEY_UISupportedInterfaceOrientations_iPad = "UIInterfaceOrientationPortrait UIInterfaceOrientationPortraitUpsideDown UIInterfaceOrientationLandscapeLeft UIInterfaceOrientationLandscapeRight";
				INFOPLIST_KEY_UISupportedInterfaceOrientations_iPhone = "UIInterfaceOrientationPortrait UIInterfaceOrientationLandscapeLeft UIInterfaceOrientationLandscapeRight";
				LD_RUNPATH_SEARCH_PATHS = (
					"$(inherited)",
					"@executable_path/Frameworks",
				);
				MARKETING_VERSION = 1.0;
				PRODUCT_BUNDLE_IDENTIFIER = "Josielle-Vaz.XP";
				PRODUCT_NAME = "$(TARGET_NAME)";
				SWIFT_EMIT_LOC_STRINGS = YES;
				SWIFT_VERSION = 5.0;
				TARGETED_DEVICE_FAMILY = "1,2";
			};
			name = Release;
		};
		848503802888754800817F41 /* Debug */ = {
			isa = XCBuildConfiguration;
			buildSettings = {
				ALWAYS_EMBED_SWIFT_STANDARD_LIBRARIES = YES;
				BUNDLE_LOADER = "$(TEST_HOST)";
				CODE_SIGN_STYLE = Automatic;
				CURRENT_PROJECT_VERSION = 1;
				GENERATE_INFOPLIST_FILE = YES;
				IPHONEOS_DEPLOYMENT_TARGET = 15.0;
				LD_RUNPATH_SEARCH_PATHS = (
					"$(inherited)",
					"@executable_path/Frameworks",
					"@loader_path/Frameworks",
				);
				MARKETING_VERSION = 1.0;
				PRODUCT_BUNDLE_IDENTIFIER = "Josielle-Vaz.XPTests";
				PRODUCT_NAME = "$(TARGET_NAME)";
				SWIFT_EMIT_LOC_STRINGS = NO;
				SWIFT_VERSION = 5.0;
				TARGETED_DEVICE_FAMILY = "1,2";
				TEST_HOST = "$(BUILT_PRODUCTS_DIR)/XP.app/XP";
			};
			name = Debug;
		};
		848503812888754800817F41 /* Release */ = {
			isa = XCBuildConfiguration;
			buildSettings = {
				ALWAYS_EMBED_SWIFT_STANDARD_LIBRARIES = YES;
				BUNDLE_LOADER = "$(TEST_HOST)";
				CODE_SIGN_STYLE = Automatic;
				CURRENT_PROJECT_VERSION = 1;
				GENERATE_INFOPLIST_FILE = YES;
				IPHONEOS_DEPLOYMENT_TARGET = 15.0;
				LD_RUNPATH_SEARCH_PATHS = (
					"$(inherited)",
					"@executable_path/Frameworks",
					"@loader_path/Frameworks",
				);
				MARKETING_VERSION = 1.0;
				PRODUCT_BUNDLE_IDENTIFIER = "Josielle-Vaz.XPTests";
				PRODUCT_NAME = "$(TARGET_NAME)";
				SWIFT_EMIT_LOC_STRINGS = NO;
				SWIFT_VERSION = 5.0;
				TARGETED_DEVICE_FAMILY = "1,2";
				TEST_HOST = "$(BUILT_PRODUCTS_DIR)/XP.app/XP";
			};
			name = Release;
		};
/* End XCBuildConfiguration section */

/* Begin XCConfigurationList section */
		8485034D2888754500817F41 /* Build configuration list for PBXProject "XP" */ = {
			isa = XCConfigurationList;
			buildConfigurations = (
				8485037A2888754800817F41 /* Debug */,
				8485037B2888754800817F41 /* Release */,
			);
			defaultConfigurationIsVisible = 0;
			defaultConfigurationName = Release;
		};
		8485037C2888754800817F41 /* Build configuration list for PBXNativeTarget "XP" */ = {
			isa = XCConfigurationList;
			buildConfigurations = (
				8485037D2888754800817F41 /* Debug */,
				8485037E2888754800817F41 /* Release */,
			);
			defaultConfigurationIsVisible = 0;
			defaultConfigurationName = Release;
		};
		8485037F2888754800817F41 /* Build configuration list for PBXNativeTarget "XPTests" */ = {
			isa = XCConfigurationList;
			buildConfigurations = (
				848503802888754800817F41 /* Debug */,
				848503812888754800817F41 /* Release */,
			);
			defaultConfigurationIsVisible = 0;
			defaultConfigurationName = Release;
		};
/* End XCConfigurationList section */
	};
	rootObject = 8485034A2888754500817F41 /* Project object */;
}
